// !$*UTF8*$!
{
	archiveVersion = 1;
	classes = {
	};
	objectVersion = 55;
	objects = {

/* Begin PBXBuildFile section */
		5AD3A1962A51DB5A001E4CDD /* AppDelegate.swift in Sources */ = {isa = PBXBuildFile; fileRef = 5AD3A1952A51DB5A001E4CDD /* AppDelegate.swift */; };
		5AD3A1982A51DB5A001E4CDD /* SceneDelegate.swift in Sources */ = {isa = PBXBuildFile; fileRef = 5AD3A1972A51DB5A001E4CDD /* SceneDelegate.swift */; };
		5AD3A19F2A51DB5B001E4CDD /* Assets.xcassets in Resources */ = {isa = PBXBuildFile; fileRef = 5AD3A19E2A51DB5B001E4CDD /* Assets.xcassets */; };
		5AD3A1B92A51E009001E4CDD /* PromiseKit in Frameworks */ = {isa = PBXBuildFile; productRef = 5AD3A1B82A51E009001E4CDD /* PromiseKit */; };
		5AD3A1BC2A51E028001E4CDD /* Kingfisher in Frameworks */ = {isa = PBXBuildFile; productRef = 5AD3A1BB2A51E028001E4CDD /* Kingfisher */; };
		5AD3A1BF2A51E047001E4CDD /* DZNEmptyDataSet in Frameworks */ = {isa = PBXBuildFile; productRef = 5AD3A1BE2A51E047001E4CDD /* DZNEmptyDataSet */; };
		5AD3A1C22A51E062001E4CDD /* Lottie in Frameworks */ = {isa = PBXBuildFile; productRef = 5AD3A1C12A51E062001E4CDD /* Lottie */; };
		5AD3A1C52A51E1A8001E4CDD /* Realm in Frameworks */ = {isa = PBXBuildFile; productRef = 5AD3A1C42A51E1A8001E4CDD /* Realm */; };
		5AD3A1C72A51E1A8001E4CDD /* RealmSwift in Frameworks */ = {isa = PBXBuildFile; productRef = 5AD3A1C62A51E1A8001E4CDD /* RealmSwift */; };
		5AD3A1CE2A51EFE2001E4CDD /* LaunchScreen.storyboard in Resources */ = {isa = PBXBuildFile; fileRef = 5AD3A1CA2A51EFE2001E4CDD /* LaunchScreen.storyboard */; };
		5AD3A1CF2A51EFE2001E4CDD /* Main.storyboard in Resources */ = {isa = PBXBuildFile; fileRef = 5AD3A1CC2A51EFE2001E4CDD /* Main.storyboard */; };
		5AD3A1D32A51F0CC001E4CDD /* DailySourceItemLayout.swift in Sources */ = {isa = PBXBuildFile; fileRef = 5AD3A1D22A51F0CC001E4CDD /* DailySourceItemLayout.swift */; };
		5AD3A1D92A51F418001E4CDD /* Reach.swift in Sources */ = {isa = PBXBuildFile; fileRef = 5AD3A1D82A51F418001E4CDD /* Reach.swift */; };
		B4F7EED9A9D6B2900C18340F /* Pods_RaveNews.framework in Frameworks */ = {isa = PBXBuildFile; fileRef = 0632DDF02CEF0CF18D1598B9 /* Pods_RaveNews.framework */; };
/* End PBXBuildFile section */

/* Begin PBXFileReference section */
		0632DDF02CEF0CF18D1598B9 /* Pods_RaveNews.framework */ = {isa = PBXFileReference; explicitFileType = wrapper.framework; includeInIndex = 0; path = Pods_RaveNews.framework; sourceTree = BUILT_PRODUCTS_DIR; };
		5AD3A1922A51DB5A001E4CDD /* RaveNews.app */ = {isa = PBXFileReference; explicitFileType = wrapper.application; includeInIndex = 0; path = RaveNews.app; sourceTree = BUILT_PRODUCTS_DIR; };
		5AD3A1952A51DB5A001E4CDD /* AppDelegate.swift */ = {isa = PBXFileReference; lastKnownFileType = sourcecode.swift; path = AppDelegate.swift; sourceTree = "<group>"; };
		5AD3A1972A51DB5A001E4CDD /* SceneDelegate.swift */ = {isa = PBXFileReference; lastKnownFileType = sourcecode.swift; path = SceneDelegate.swift; sourceTree = "<group>"; };
		5AD3A19E2A51DB5B001E4CDD /* Assets.xcassets */ = {isa = PBXFileReference; lastKnownFileType = folder.assetcatalog; path = Assets.xcassets; sourceTree = "<group>"; };
		5AD3A1A32A51DB5B001E4CDD /* Info.plist */ = {isa = PBXFileReference; lastKnownFileType = text.plist.xml; path = Info.plist; sourceTree = "<group>"; };
		5AD3A1CB2A51EFE2001E4CDD /* Base */ = {isa = PBXFileReference; lastKnownFileType = file.storyboard; name = Base; path = Base.lproj/LaunchScreen.storyboard; sourceTree = "<group>"; };
		5AD3A1CD2A51EFE2001E4CDD /* Base */ = {isa = PBXFileReference; lastKnownFileType = file.storyboard; name = Base; path = Base.lproj/Main.storyboard; sourceTree = "<group>"; };
		5AD3A1D22A51F0CC001E4CDD /* DailySourceItemLayout.swift */ = {isa = PBXFileReference; lastKnownFileType = sourcecode.swift; path = DailySourceItemLayout.swift; sourceTree = "<group>"; };
		5AD3A1D82A51F418001E4CDD /* Reach.swift */ = {isa = PBXFileReference; fileEncoding = 4; lastKnownFileType = sourcecode.swift; path = Reach.swift; sourceTree = "<group>"; };
		91F4931E468B44189F3ACF84 /* Pods-RaveNews.debug.xcconfig */ = {isa = PBXFileReference; includeInIndex = 1; lastKnownFileType = text.xcconfig; name = "Pods-RaveNews.debug.xcconfig"; path = "Target Support Files/Pods-RaveNews/Pods-RaveNews.debug.xcconfig"; sourceTree = "<group>"; };
		9CC403B35082C8E66C001882 /* Pods-RaveNews.release.xcconfig */ = {isa = PBXFileReference; includeInIndex = 1; lastKnownFileType = text.xcconfig; name = "Pods-RaveNews.release.xcconfig"; path = "Target Support Files/Pods-RaveNews/Pods-RaveNews.release.xcconfig"; sourceTree = "<group>"; };
/* End PBXFileReference section */

/* Begin PBXFrameworksBuildPhase section */
		5AD3A18F2A51DB5A001E4CDD /* Frameworks */ = {
			isa = PBXFrameworksBuildPhase;
			buildActionMask = 2147483647;
			files = (
				5AD3A1C72A51E1A8001E4CDD /* RealmSwift in Frameworks */,
				5AD3A1BC2A51E028001E4CDD /* Kingfisher in Frameworks */,
				5AD3A1B92A51E009001E4CDD /* PromiseKit in Frameworks */,
				5AD3A1BF2A51E047001E4CDD /* DZNEmptyDataSet in Frameworks */,
				5AD3A1C22A51E062001E4CDD /* Lottie in Frameworks */,
				5AD3A1C52A51E1A8001E4CDD /* Realm in Frameworks */,
				B4F7EED9A9D6B2900C18340F /* Pods_RaveNews.framework in Frameworks */,
			);
			runOnlyForDeploymentPostprocessing = 0;
		};
/* End PBXFrameworksBuildPhase section */

/* Begin PBXGroup section */
		11BE30E9A00B172B12E4994F /* Pods */ = {
			isa = PBXGroup;
			children = (
				91F4931E468B44189F3ACF84 /* Pods-RaveNews.debug.xcconfig */,
				9CC403B35082C8E66C001882 /* Pods-RaveNews.release.xcconfig */,
			);
			path = Pods;
			sourceTree = "<group>";
		};
		5AD3A1892A51DB5A001E4CDD = {
			isa = PBXGroup;
			children = (
				5AD3A1942A51DB5A001E4CDD /* RaveNews */,
				5AD3A1932A51DB5A001E4CDD /* Products */,
				11BE30E9A00B172B12E4994F /* Pods */,
				FBF78DB651D676F50C4484A5 /* Frameworks */,
			);
			sourceTree = "<group>";
		};
		5AD3A1932A51DB5A001E4CDD /* Products */ = {
			isa = PBXGroup;
			children = (
				5AD3A1922A51DB5A001E4CDD /* RaveNews.app */,
			);
			name = Products;
			sourceTree = "<group>";
		};
		5AD3A1942A51DB5A001E4CDD /* RaveNews */ = {
			isa = PBXGroup;
			children = (
				5AD3A1C82A51EDFD001E4CDD /* Delegate */,
				5AD3A1C92A51EE65001E4CDD /* Storyboards */,
				5AD3A1B02A51DCF5001E4CDD /* Views */,
				5AD3A1D72A51F3B6001E4CDD /* Helpers */,
				5AD3A19E2A51DB5B001E4CDD /* Assets.xcassets */,
				5AD3A1A32A51DB5B001E4CDD /* Info.plist */,
			);
			path = RaveNews;
			sourceTree = "<group>";
		};
		5AD3A1B02A51DCF5001E4CDD /* Views */ = {
			isa = PBXGroup;
			children = (
				5AD3A1D12A51F0C6001E4CDD /* Layouts */,
			);
			path = Views;
			sourceTree = "<group>";
		};
		5AD3A1C82A51EDFD001E4CDD /* Delegate */ = {
			isa = PBXGroup;
			children = (
				5AD3A1952A51DB5A001E4CDD /* AppDelegate.swift */,
				5AD3A1972A51DB5A001E4CDD /* SceneDelegate.swift */,
			);
			path = Delegate;
			sourceTree = "<group>";
		};
		5AD3A1C92A51EE65001E4CDD /* Storyboards */ = {
			isa = PBXGroup;
			children = (
				5AD3A1CA2A51EFE2001E4CDD /* LaunchScreen.storyboard */,
				5AD3A1CC2A51EFE2001E4CDD /* Main.storyboard */,
			);
			path = Storyboards;
			sourceTree = "<group>";
		};
		5AD3A1D12A51F0C6001E4CDD /* Layouts */ = {
			isa = PBXGroup;
			children = (
				5AD3A1D22A51F0CC001E4CDD /* DailySourceItemLayout.swift */,
			);
			path = Layouts;
			sourceTree = "<group>";
		};
		5AD3A1D72A51F3B6001E4CDD /* Helpers */ = {
			isa = PBXGroup;
			children = (
				5AD3A1D82A51F418001E4CDD /* Reach.swift */,
			);
			path = Helpers;
			sourceTree = "<group>";
		};
		FBF78DB651D676F50C4484A5 /* Frameworks */ = {
			isa = PBXGroup;
			children = (
				0632DDF02CEF0CF18D1598B9 /* Pods_RaveNews.framework */,
			);
			name = Frameworks;
			sourceTree = "<group>";
		};
/* End PBXGroup section */

/* Begin PBXNativeTarget section */
		5AD3A1912A51DB5A001E4CDD /* RaveNews */ = {
			isa = PBXNativeTarget;
			buildConfigurationList = 5AD3A1A62A51DB5B001E4CDD /* Build configuration list for PBXNativeTarget "RaveNews" */;
			buildPhases = (
				E95351D7DA333AD26E89191B /* [CP] Check Pods Manifest.lock */,
				5AD3A18E2A51DB5A001E4CDD /* Sources */,
				5AD3A18F2A51DB5A001E4CDD /* Frameworks */,
				5AD3A1902A51DB5A001E4CDD /* Resources */,
				4FF83535BAFA079F839DB245 /* [CP] Embed Pods Frameworks */,
			);
			buildRules = (
			);
			dependencies = (
			);
			name = RaveNews;
			packageProductDependencies = (
				5AD3A1B82A51E009001E4CDD /* PromiseKit */,
				5AD3A1BB2A51E028001E4CDD /* Kingfisher */,
				5AD3A1BE2A51E047001E4CDD /* DZNEmptyDataSet */,
				5AD3A1C12A51E062001E4CDD /* Lottie */,
				5AD3A1C42A51E1A8001E4CDD /* Realm */,
				5AD3A1C62A51E1A8001E4CDD /* RealmSwift */,
			);
			productName = RaveNews;
			productReference = 5AD3A1922A51DB5A001E4CDD /* RaveNews.app */;
			productType = "com.apple.product-type.application";
		};
/* End PBXNativeTarget section */

/* Begin PBXProject section */
		5AD3A18A2A51DB5A001E4CDD /* Project object */ = {
			isa = PBXProject;
			attributes = {
				BuildIndependentTargetsInParallel = 1;
				LastSwiftUpdateCheck = 1430;
				LastUpgradeCheck = 1430;
				TargetAttributes = {
					5AD3A1912A51DB5A001E4CDD = {
						CreatedOnToolsVersion = 14.3.1;
					};
				};
			};
			buildConfigurationList = 5AD3A18D2A51DB5A001E4CDD /* Build configuration list for PBXProject "RaveNews" */;
			compatibilityVersion = "Xcode 13.0";
			developmentRegion = en;
			hasScannedForEncodings = 0;
			knownRegions = (
				en,
				Base,
			);
			mainGroup = 5AD3A1892A51DB5A001E4CDD;
			packageReferences = (
				5AD3A1B72A51E009001E4CDD /* XCRemoteSwiftPackageReference "PromiseKit" */,
				5AD3A1BA2A51E028001E4CDD /* XCRemoteSwiftPackageReference "Kingfisher" */,
				5AD3A1BD2A51E047001E4CDD /* XCRemoteSwiftPackageReference "DZNEmptyDataSet" */,
				5AD3A1C02A51E062001E4CDD /* XCRemoteSwiftPackageReference "lottie-ios" */,
				5AD3A1C32A51E1A8001E4CDD /* XCRemoteSwiftPackageReference "realm-cocoa" */,
			);
			productRefGroup = 5AD3A1932A51DB5A001E4CDD /* Products */;
			projectDirPath = "";
			projectRoot = "";
			targets = (
				5AD3A1912A51DB5A001E4CDD /* RaveNews */,
			);
		};
/* End PBXProject section */

/* Begin PBXResourcesBuildPhase section */
		5AD3A1902A51DB5A001E4CDD /* Resources */ = {
			isa = PBXResourcesBuildPhase;
			buildActionMask = 2147483647;
			files = (
				5AD3A1CF2A51EFE2001E4CDD /* Main.storyboard in Resources */,
				5AD3A19F2A51DB5B001E4CDD /* Assets.xcassets in Resources */,
				5AD3A1CE2A51EFE2001E4CDD /* LaunchScreen.storyboard in Resources */,
			);
			runOnlyForDeploymentPostprocessing = 0;
		};
/* End PBXResourcesBuildPhase section */

/* Begin PBXShellScriptBuildPhase section */
		4FF83535BAFA079F839DB245 /* [CP] Embed Pods Frameworks */ = {
			isa = PBXShellScriptBuildPhase;
			buildActionMask = 2147483647;
			files = (
			);
			inputFileListPaths = (
				"${PODS_ROOT}/Target Support Files/Pods-RaveNews/Pods-RaveNews-frameworks-${CONFIGURATION}-input-files.xcfilelist",
			);
			name = "[CP] Embed Pods Frameworks";
			outputFileListPaths = (
				"${PODS_ROOT}/Target Support Files/Pods-RaveNews/Pods-RaveNews-frameworks-${CONFIGURATION}-output-files.xcfilelist",
			);
			runOnlyForDeploymentPostprocessing = 0;
			shellPath = /bin/sh;
			shellScript = "\"${PODS_ROOT}/Target Support Files/Pods-RaveNews/Pods-RaveNews-frameworks.sh\"\n";
			showEnvVarsInLog = 0;
		};
		E95351D7DA333AD26E89191B /* [CP] Check Pods Manifest.lock */ = {
			isa = PBXShellScriptBuildPhase;
			buildActionMask = 2147483647;
			files = (
			);
			inputFileListPaths = (
			);
			inputPaths = (
				"${PODS_PODFILE_DIR_PATH}/Podfile.lock",
				"${PODS_ROOT}/Manifest.lock",
			);
			name = "[CP] Check Pods Manifest.lock";
			outputFileListPaths = (
			);
			outputPaths = (
				"$(DERIVED_FILE_DIR)/Pods-RaveNews-checkManifestLockResult.txt",
			);
			runOnlyForDeploymentPostprocessing = 0;
			shellPath = /bin/sh;
			shellScript = "diff \"${PODS_PODFILE_DIR_PATH}/Podfile.lock\" \"${PODS_ROOT}/Manifest.lock\" > /dev/null\nif [ $? != 0 ] ; then\n    # print error to STDERR\n    echo \"error: The sandbox is not in sync with the Podfile.lock. Run 'pod install' or update your CocoaPods installation.\" >&2\n    exit 1\nfi\n# This output is used by Xcode 'outputs' to avoid re-running this script phase.\necho \"SUCCESS\" > \"${SCRIPT_OUTPUT_FILE_0}\"\n";
			showEnvVarsInLog = 0;
		};
/* End PBXShellScriptBuildPhase section */

/* Begin PBXSourcesBuildPhase section */
		5AD3A18E2A51DB5A001E4CDD /* Sources */ = {
			isa = PBXSourcesBuildPhase;
			buildActionMask = 2147483647;
			files = (
				5AD3A1962A51DB5A001E4CDD /* AppDelegate.swift in Sources */,
				5AD3A1D92A51F418001E4CDD /* Reach.swift in Sources */,
				5AD3A1D32A51F0CC001E4CDD /* DailySourceItemLayout.swift in Sources */,
				5AD3A1982A51DB5A001E4CDD /* SceneDelegate.swift in Sources */,
			);
			runOnlyForDeploymentPostprocessing = 0;
		};
/* End PBXSourcesBuildPhase section */

/* Begin PBXVariantGroup section */
		5AD3A1CA2A51EFE2001E4CDD /* LaunchScreen.storyboard */ = {
			isa = PBXVariantGroup;
			children = (
				5AD3A1CB2A51EFE2001E4CDD /* Base */,
			);
			name = LaunchScreen.storyboard;
			sourceTree = "<group>";
		};
		5AD3A1CC2A51EFE2001E4CDD /* Main.storyboard */ = {
			isa = PBXVariantGroup;
			children = (
				5AD3A1CD2A51EFE2001E4CDD /* Base */,
			);
			name = Main.storyboard;
			sourceTree = "<group>";
		};
/* End PBXVariantGroup section */

/* Begin XCBuildConfiguration section */
		5AD3A1A42A51DB5B001E4CDD /* Debug */ = {
			isa = XCBuildConfiguration;
			buildSettings = {
				ALWAYS_SEARCH_USER_PATHS = NO;
				CLANG_ANALYZER_NONNULL = YES;
				CLANG_ANALYZER_NUMBER_OBJECT_CONVERSION = YES_AGGRESSIVE;
				CLANG_CXX_LANGUAGE_STANDARD = "gnu++20";
				CLANG_ENABLE_MODULES = YES;
				CLANG_ENABLE_OBJC_ARC = YES;
				CLANG_ENABLE_OBJC_WEAK = YES;
				CLANG_WARN_BLOCK_CAPTURE_AUTORELEASING = YES;
				CLANG_WARN_BOOL_CONVERSION = YES;
				CLANG_WARN_COMMA = YES;
				CLANG_WARN_CONSTANT_CONVERSION = YES;
				CLANG_WARN_DEPRECATED_OBJC_IMPLEMENTATIONS = YES;
				CLANG_WARN_DIRECT_OBJC_ISA_USAGE = YES_ERROR;
				CLANG_WARN_DOCUMENTATION_COMMENTS = YES;
				CLANG_WARN_EMPTY_BODY = YES;
				CLANG_WARN_ENUM_CONVERSION = YES;
				CLANG_WARN_INFINITE_RECURSION = YES;
				CLANG_WARN_INT_CONVERSION = YES;
				CLANG_WARN_NON_LITERAL_NULL_CONVERSION = YES;
				CLANG_WARN_OBJC_IMPLICIT_RETAIN_SELF = YES;
				CLANG_WARN_OBJC_LITERAL_CONVERSION = YES;
				CLANG_WARN_OBJC_ROOT_CLASS = YES_ERROR;
				CLANG_WARN_QUOTED_INCLUDE_IN_FRAMEWORK_HEADER = YES;
				CLANG_WARN_RANGE_LOOP_ANALYSIS = YES;
				CLANG_WARN_STRICT_PROTOTYPES = YES;
				CLANG_WARN_SUSPICIOUS_MOVE = YES;
				CLANG_WARN_UNGUARDED_AVAILABILITY = YES_AGGRESSIVE;
				CLANG_WARN_UNREACHABLE_CODE = YES;
				CLANG_WARN__DUPLICATE_METHOD_MATCH = YES;
				COPY_PHASE_STRIP = NO;
				DEBUG_INFORMATION_FORMAT = dwarf;
				ENABLE_STRICT_OBJC_MSGSEND = YES;
				ENABLE_TESTABILITY = YES;
				GCC_C_LANGUAGE_STANDARD = gnu11;
				GCC_DYNAMIC_NO_PIC = NO;
				GCC_NO_COMMON_BLOCKS = YES;
				GCC_OPTIMIZATION_LEVEL = 0;
				GCC_PREPROCESSOR_DEFINITIONS = (
					"DEBUG=1",
					"$(inherited)",
				);
				GCC_WARN_64_TO_32_BIT_CONVERSION = YES;
				GCC_WARN_ABOUT_RETURN_TYPE = YES_ERROR;
				GCC_WARN_UNDECLARED_SELECTOR = YES;
				GCC_WARN_UNINITIALIZED_AUTOS = YES_AGGRESSIVE;
				GCC_WARN_UNUSED_FUNCTION = YES;
				GCC_WARN_UNUSED_VARIABLE = YES;
				IPHONEOS_DEPLOYMENT_TARGET = 16.4;
				MTL_ENABLE_DEBUG_INFO = INCLUDE_SOURCE;
				MTL_FAST_MATH = YES;
				ONLY_ACTIVE_ARCH = YES;
				SDKROOT = iphoneos;
				SWIFT_ACTIVE_COMPILATION_CONDITIONS = DEBUG;
				SWIFT_OPTIMIZATION_LEVEL = "-Onone";
			};
			name = Debug;
		};
		5AD3A1A52A51DB5B001E4CDD /* Release */ = {
			isa = XCBuildConfiguration;
			buildSettings = {
				ALWAYS_SEARCH_USER_PATHS = NO;
				CLANG_ANALYZER_NONNULL = YES;
				CLANG_ANALYZER_NUMBER_OBJECT_CONVERSION = YES_AGGRESSIVE;
				CLANG_CXX_LANGUAGE_STANDARD = "gnu++20";
				CLANG_ENABLE_MODULES = YES;
				CLANG_ENABLE_OBJC_ARC = YES;
				CLANG_ENABLE_OBJC_WEAK = YES;
				CLANG_WARN_BLOCK_CAPTURE_AUTORELEASING = YES;
				CLANG_WARN_BOOL_CONVERSION = YES;
				CLANG_WARN_COMMA = YES;
				CLANG_WARN_CONSTANT_CONVERSION = YES;
				CLANG_WARN_DEPRECATED_OBJC_IMPLEMENTATIONS = YES;
				CLANG_WARN_DIRECT_OBJC_ISA_USAGE = YES_ERROR;
				CLANG_WARN_DOCUMENTATION_COMMENTS = YES;
				CLANG_WARN_EMPTY_BODY = YES;
				CLANG_WARN_ENUM_CONVERSION = YES;
				CLANG_WARN_INFINITE_RECURSION = YES;
				CLANG_WARN_INT_CONVERSION = YES;
				CLANG_WARN_NON_LITERAL_NULL_CONVERSION = YES;
				CLANG_WARN_OBJC_IMPLICIT_RETAIN_SELF = YES;
				CLANG_WARN_OBJC_LITERAL_CONVERSION = YES;
				CLANG_WARN_OBJC_ROOT_CLASS = YES_ERROR;
				CLANG_WARN_QUOTED_INCLUDE_IN_FRAMEWORK_HEADER = YES;
				CLANG_WARN_RANGE_LOOP_ANALYSIS = YES;
				CLANG_WARN_STRICT_PROTOTYPES = YES;
				CLANG_WARN_SUSPICIOUS_MOVE = YES;
				CLANG_WARN_UNGUARDED_AVAILABILITY = YES_AGGRESSIVE;
				CLANG_WARN_UNREACHABLE_CODE = YES;
				CLANG_WARN__DUPLICATE_METHOD_MATCH = YES;
				COPY_PHASE_STRIP = NO;
				DEBUG_INFORMATION_FORMAT = "dwarf-with-dsym";
				ENABLE_NS_ASSERTIONS = NO;
				ENABLE_STRICT_OBJC_MSGSEND = YES;
				GCC_C_LANGUAGE_STANDARD = gnu11;
				GCC_NO_COMMON_BLOCKS = YES;
				GCC_WARN_64_TO_32_BIT_CONVERSION = YES;
				GCC_WARN_ABOUT_RETURN_TYPE = YES_ERROR;
				GCC_WARN_UNDECLARED_SELECTOR = YES;
				GCC_WARN_UNINITIALIZED_AUTOS = YES_AGGRESSIVE;
				GCC_WARN_UNUSED_FUNCTION = YES;
				GCC_WARN_UNUSED_VARIABLE = YES;
				IPHONEOS_DEPLOYMENT_TARGET = 16.4;
				MTL_ENABLE_DEBUG_INFO = NO;
				MTL_FAST_MATH = YES;
				SDKROOT = iphoneos;
				SWIFT_COMPILATION_MODE = wholemodule;
				SWIFT_OPTIMIZATION_LEVEL = "-O";
				VALIDATE_PRODUCT = YES;
			};
			name = Release;
		};
		5AD3A1A72A51DB5B001E4CDD /* Debug */ = {
			isa = XCBuildConfiguration;
			baseConfigurationReference = 91F4931E468B44189F3ACF84 /* Pods-RaveNews.debug.xcconfig */;
			buildSettings = {
				ASSETCATALOG_COMPILER_APPICON_NAME = AppIcon;
				ASSETCATALOG_COMPILER_GLOBAL_ACCENT_COLOR_NAME = AccentColor;
				CODE_SIGN_STYLE = Automatic;
				CURRENT_PROJECT_VERSION = 1;
				GENERATE_INFOPLIST_FILE = YES;
				INFOPLIST_FILE = RaveNews/Info.plist;
				INFOPLIST_KEY_UIApplicationSupportsIndirectInputEvents = YES;
				INFOPLIST_KEY_UILaunchStoryboardName = LaunchScreen;
				INFOPLIST_KEY_UIMainStoryboardFile = Main;
				INFOPLIST_KEY_UIStatusBarStyle = "";
				INFOPLIST_KEY_UISupportedInterfaceOrientations_iPad = "UIInterfaceOrientationPortrait UIInterfaceOrientationPortraitUpsideDown UIInterfaceOrientationLandscapeLeft UIInterfaceOrientationLandscapeRight";
				INFOPLIST_KEY_UISupportedInterfaceOrientations_iPhone = "UIInterfaceOrientationPortrait UIInterfaceOrientationLandscapeLeft UIInterfaceOrientationLandscapeRight";
				LD_RUNPATH_SEARCH_PATHS = (
					"$(inherited)",
					"@executable_path/Frameworks",
				);
				MARKETING_VERSION = 1.0;
				PRODUCT_BUNDLE_IDENTIFIER = sapio.RaveNews;
				PRODUCT_NAME = "$(TARGET_NAME)";
				SWIFT_EMIT_LOC_STRINGS = YES;
				SWIFT_VERSION = 5.0;
				TARGETED_DEVICE_FAMILY = "1,2";
			};
			name = Debug;
		};
		5AD3A1A82A51DB5B001E4CDD /* Release */ = {
			isa = XCBuildConfiguration;
			baseConfigurationReference = 9CC403B35082C8E66C001882 /* Pods-RaveNews.release.xcconfig */;
			buildSettings = {
				ASSETCATALOG_COMPILER_APPICON_NAME = AppIcon;
				ASSETCATALOG_COMPILER_GLOBAL_ACCENT_COLOR_NAME = AccentColor;
				CODE_SIGN_STYLE = Automatic;
				CURRENT_PROJECT_VERSION = 1;
				GENERATE_INFOPLIST_FILE = YES;
				INFOPLIST_FILE = RaveNews/Info.plist;
				INFOPLIST_KEY_UIApplicationSupportsIndirectInputEvents = YES;
				INFOPLIST_KEY_UILaunchStoryboardName = LaunchScreen;
				INFOPLIST_KEY_UIMainStoryboardFile = Main;
				INFOPLIST_KEY_UIStatusBarStyle = "";
				INFOPLIST_KEY_UISupportedInterfaceOrientations_iPad = "UIInterfaceOrientationPortrait UIInterfaceOrientationPortraitUpsideDown UIInterfaceOrientationLandscapeLeft UIInterfaceOrientationLandscapeRight";
				INFOPLIST_KEY_UISupportedInterfaceOrientations_iPhone = "UIInterfaceOrientationPortrait UIInterfaceOrientationLandscapeLeft UIInterfaceOrientationLandscapeRight";
				LD_RUNPATH_SEARCH_PATHS = (
					"$(inherited)",
					"@executable_path/Frameworks",
				);
				MARKETING_VERSION = 1.0;
				PRODUCT_BUNDLE_IDENTIFIER = sapio.RaveNews;
				PRODUCT_NAME = "$(TARGET_NAME)";
				SWIFT_EMIT_LOC_STRINGS = YES;
				SWIFT_VERSION = 5.0;
				TARGETED_DEVICE_FAMILY = "1,2";
			};
			name = Release;
		};
/* End XCBuildConfiguration section */

/* Begin XCConfigurationList section */
		5AD3A18D2A51DB5A001E4CDD /* Build configuration list for PBXProject "RaveNews" */ = {
			isa = XCConfigurationList;
			buildConfigurations = (
				5AD3A1A42A51DB5B001E4CDD /* Debug */,
				5AD3A1A52A51DB5B001E4CDD /* Release */,
			);
			defaultConfigurationIsVisible = 0;
			defaultConfigurationName = Release;
		};
		5AD3A1A62A51DB5B001E4CDD /* Build configuration list for PBXNativeTarget "RaveNews" */ = {
			isa = XCConfigurationList;
			buildConfigurations = (
				5AD3A1A72A51DB5B001E4CDD /* Debug */,
				5AD3A1A82A51DB5B001E4CDD /* Release */,
			);
			defaultConfigurationIsVisible = 0;
			defaultConfigurationName = Release;
		};
/* End XCConfigurationList section */

/* Begin XCRemoteSwiftPackageReference section */
		5AD3A1B72A51E009001E4CDD /* XCRemoteSwiftPackageReference "PromiseKit" */ = {
			isa = XCRemoteSwiftPackageReference;
			repositoryURL = "https://github.com/mxcl/PromiseKit";
			requirement = {
				kind = upToNextMajorVersion;
				minimumVersion = 8.0.0;
			};
		};
		5AD3A1BA2A51E028001E4CDD /* XCRemoteSwiftPackageReference "Kingfisher" */ = {
			isa = XCRemoteSwiftPackageReference;
			repositoryURL = "https://github.com/onevcat/Kingfisher";
			requirement = {
				kind = upToNextMajorVersion;
				minimumVersion = 7.0.0;
			};
		};
		5AD3A1BD2A51E047001E4CDD /* XCRemoteSwiftPackageReference "DZNEmptyDataSet" */ = {
			isa = XCRemoteSwiftPackageReference;
			repositoryURL = "https://github.com/dzenbot/DZNEmptyDataSet";
			requirement = {
				branch = master;
				kind = branch;
			};
		};
		5AD3A1C02A51E062001E4CDD /* XCRemoteSwiftPackageReference "lottie-ios" */ = {
			isa = XCRemoteSwiftPackageReference;
			repositoryURL = "https://github.com/airbnb/lottie-ios";
			requirement = {
				kind = upToNextMajorVersion;
				minimumVersion = 4.0.0;
			};
		};
		5AD3A1C32A51E1A8001E4CDD /* XCRemoteSwiftPackageReference "realm-cocoa" */ = {
			isa = XCRemoteSwiftPackageReference;
			repositoryURL = "https://github.com/realm/realm-cocoa";
			requirement = {
				kind = upToNextMajorVersion;
				minimumVersion = 10.11.0;
			};
		};
/* End XCRemoteSwiftPackageReference section */

/* Begin XCSwiftPackageProductDependency section */
		5AD3A1B82A51E009001E4CDD /* PromiseKit */ = {
			isa = XCSwiftPackageProductDependency;
			package = 5AD3A1B72A51E009001E4CDD /* XCRemoteSwiftPackageReference "PromiseKit" */;
			productName = PromiseKit;
		};
		5AD3A1BB2A51E028001E4CDD /* Kingfisher */ = {
			isa = XCSwiftPackageProductDependency;
			package = 5AD3A1BA2A51E028001E4CDD /* XCRemoteSwiftPackageReference "Kingfisher" */;
			productName = Kingfisher;
		};
		5AD3A1BE2A51E047001E4CDD /* DZNEmptyDataSet */ = {
			isa = XCSwiftPackageProductDependency;
			package = 5AD3A1BD2A51E047001E4CDD /* XCRemoteSwiftPackageReference "DZNEmptyDataSet" */;
			productName = DZNEmptyDataSet;
		};
		5AD3A1C12A51E062001E4CDD /* Lottie */ = {
			isa = XCSwiftPackageProductDependency;
			package = 5AD3A1C02A51E062001E4CDD /* XCRemoteSwiftPackageReference "lottie-ios" */;
			productName = Lottie;
		};
		5AD3A1C42A51E1A8001E4CDD /* Realm */ = {
			isa = XCSwiftPackageProductDependency;
			package = 5AD3A1C32A51E1A8001E4CDD /* XCRemoteSwiftPackageReference "realm-cocoa" */;
			productName = Realm;
		};
		5AD3A1C62A51E1A8001E4CDD /* RealmSwift */ = {
			isa = XCSwiftPackageProductDependency;
			package = 5AD3A1C32A51E1A8001E4CDD /* XCRemoteSwiftPackageReference "realm-cocoa" */;
			productName = RealmSwift;
		};
/* End XCSwiftPackageProductDependency section */
	};
	rootObject = 5AD3A18A2A51DB5A001E4CDD /* Project object */;
}
